
Microsoft Visual Studio Solution File, Format Version 12.00
# Visual Studio Version 16
VisualStudioVersion = 16.0.30114.105
MinimumVisualStudioVersion = 10.0.40219.1
Project("{FAE04EC0-301F-11D3-BF4B-00C04F79EFBC}") = "WindowsFormsApp2", "WindowsFormsApp2\WindowsFormsApp2.csproj", "{41587305-6B1A-4A3D-81BD-7E3091C4AFB1}"
EndProject
Project("{54435603-DBB4-11D2-8724-00A0C9A8B90C}") = "Setup", "Setup\Setup.vdproj", "{9C46992D-6789-4025-B416-0D3ECAD56F1E}"
EndProject
Global
	GlobalSection(SolutionConfigurationPlatforms) = preSolution
		Debug|Any CPU = Debug|Any CPU
		Release|Any CPU = Release|Any CPU
	EndGlobalSection
	GlobalSection(ProjectConfigurationPlatforms) = postSolution
		{41587305-6B1A-4A3D-81BD-7E3091C4AFB1}.Debug|Any CPU.ActiveCfg = Release|Any CPU
		{41587305-6B1A-4A3D-81BD-7E3091C4AFB1}.Debug|Any CPU.Build.0 = Release|Any CPU
		{41587305-6B1A-4A3D-81BD-7E3091C4AFB1}.Release|Any CPU.ActiveCfg = Release|Any CPU
		{41587305-6B1A-4A3D-81BD-7E3091C4AFB1}.Release|Any CPU.Build.0 = Release|Any CPU
		{9C46992D-6789-4025-B416-0D3ECAD56F1E}.Debug|Any CPU.ActiveCfg = Debug
		{9C46992D-6789-4025-B416-0D3ECAD56F1E}.Release|Any CPU.ActiveCfg = Debug
	EndGlobalSection
	GlobalSection(SolutionProperties) = preSolution
		HideSolutionNode = FALSE
	EndGlobalSection
	GlobalSection(ExtensibilityGlobals) = postSolution
		SolutionGuid = {DE2354F1-0959-40D1-86AB-12C829D4F0F7}
	EndGlobalSection
EndGlobal
